{
    "version": 3,
    "terraform_version": "0.11.10",
    "serial": 8,
    "lineage": "3fbf946e-7112-d2bf-b496-2089b4f85064",
    "modules": [
        {
            "path": [
                "root"
            ],
            "outputs": {
                "config_map_aws_auth": {
                    "sensitive": false,
                    "type": "string",
                    "value": "\n\napiVersion: v1\nkind: ConfigMap\nmetadata:\n  name: aws-auth\n  namespace: kube-system\ndata:\n  mapRoles: |\n    - rolearn: arn:aws:iam::174782302745:role/terraform-eks-demo-node-new\n      username: system:node:{{EC2PrivateDNSName}}\n      groups:\n        - system:bootstrappers\n        - system:nodes\n"
                },
                "kubeconfig": {
                    "sensitive": false,
                    "type": "string",
                    "value": "\n\napiVersion: v1\nclusters:\n- cluster:\n    server: https://9C2C0DF81901E269EE032560B8E1A898.sk1.us-east-1.eks.amazonaws.com\n    certificate-authority-data: LS0tLS1CRUdJTiBDRVJUSUZJQ0FURS0tLS0tCk1JSUN5RENDQWJDZ0F3SUJBZ0lCQURBTkJna3Foa2lHOXcwQkFRc0ZBREFWTVJNd0VRWURWUVFERXdwcmRXSmwKY201bGRHVnpNQjRYRFRFNE1USXlOREV5TXpRd00xb1hEVEk0TVRJeU1URXlNelF3TTFvd0ZURVRNQkVHQTFVRQpBeE1LYTNWaVpYSnVaWFJsY3pDQ0FTSXdEUVlKS29aSWh2Y05BUUVCQlFBRGdnRVBBRENDQVFvQ2dnRUJBSnZ1CjNwVEdUemVpbzBaZ0dLL2VERDd4c0o4NGRrQVQ5QUNocXZJaGdJNGJJS09SUkErK3JyVTEvamNLQkt5MnBOdmoKZ0h2bHNLVVlWL1paaXcrTjJOaTNqYTNRQURseDhGeCtzS3V3NXFaeDFVTlcydjJGVTliR3FLZ29XcjBnV3ZoSgpMQ01JU214ZHZQK2hWY3JscnNsb2gxTGd1QjBXQnNOZU1KMS9XTUtqQUt5K3NBbk84S3doYm1IVVlyajNsbTQ5CmhyYklpU21oOE12WDY5aXo1SDlOLzkyL052bWFZdDFyYkxYaFloZ3o0dmYrbmhMN2NlV0t3Z1hBRS9YUU5Db3QKRlpQNFp2d1ZrUWJ1NGoxeDFEcG9SNy8rTGc2TE1LeXlYZW5nMmxrQ2pxZEQveTVGYk1HK1RnZjQzUjFyUFRISApNbng3UDB5eXcxSElWZUJoWWhFQ0F3RUFBYU1qTUNFd0RnWURWUjBQQVFIL0JBUURBZ0trTUE4R0ExVWRFd0VCCi93UUZNQU1CQWY4d0RRWUpLb1pJaHZjTkFRRUxCUUFEZ2dFQkFFWmV6dmRuRUpDS25iRFY2VjNvNG9yK2ljUzQKT0ovWkJ3SDRrempZcUhVSUY1MGJTL2xITWJQU3ZqV29OaEswSXA3STMvK3I2VjgrbGliWTRYTmgyYUNQK3hHTQo4OTJLRmx0SkErNXpaV1Z3RkhaczdON0FDQ205TlVpZ1BUM1hXNHMyTElBamlxaVB5dk5LdzZQcEZuWituVHlSClNOWUZhQ0FTZXdiVlNrN0U5d3hvRmI1SWdaRExQVTZFRXFSWDBuZ2pURlNJVGQwTFlhQXIwYnR2dy9RSU5vbEsKM0VrZUs1b20zVEZDL1VuNlJoMGs0Z2pZTnpaL3FJOWkwdVd4Q2FIVXFEbnFDeHZmZlcyZ2QvR2lJTzZZZ1JReQp3TFV5aE15Umg1dWZZa2hsMytwWWRrVTVzTktpc3cwS2xUWDdZckhIb1pFOTlyTFo4cHhKL3RtWHpOWT0KLS0tLS1FTkQgQ0VSVElGSUNBVEUtLS0tLQo=\n  name: kubernetes\ncontexts:\n- context:\n    cluster: kubernetes\n    user: aws\n  name: aws\ncurrent-context: aws\nkind: Config\npreferences: {}\nusers:\n- name: aws\n  user:\n    exec:\n      apiVersion: client.authentication.k8s.io/v1alpha1\n      command: aws-iam-authenticator\n      args:\n        - \"token\"\n        - \"-i\"\n        - \"terraform-eks-demo\"\n"
                }
            },
            "resources": {
                "aws_autoscaling_group.demo": {
                    "type": "aws_autoscaling_group",
                    "depends_on": [
                        "aws_launch_configuration.demo",
                        "aws_subnet.demo.*"
                    ],
                    "primary": {
                        "id": "terraform-eks-demo",
                        "attributes": {
                            "arn": "arn:aws:autoscaling:us-east-1:174782302745:autoScalingGroup:071f9a7c-0453-4f52-aa20-fc556005e290:autoScalingGroupName/terraform-eks-demo",
                            "availability_zones.#": "2",
                            "availability_zones.1305112097": "us-east-1b",
                            "availability_zones.3569565595": "us-east-1a",
                            "default_cooldown": "300",
                            "desired_capacity": "2",
                            "enabled_metrics.#": "0",
                            "force_delete": "false",
                            "health_check_grace_period": "300",
                            "health_check_type": "EC2",
                            "id": "terraform-eks-demo",
                            "launch_configuration": "terraform-eks-demo20181224123617460800000006",
                            "launch_template.#": "0",
                            "load_balancers.#": "0",
                            "max_size": "2",
                            "metrics_granularity": "1Minute",
                            "min_size": "1",
                            "mixed_instances_policy.#": "0",
                            "name": "terraform-eks-demo",
                            "placement_group": "",
                            "protect_from_scale_in": "false",
                            "service_linked_role_arn": "arn:aws:iam::174782302745:role/aws-service-role/autoscaling.amazonaws.com/AWSServiceRoleForAutoScaling",
                            "suspended_processes.#": "0",
                            "tag.#": "2",
                            "tag.3381877819.key": "kubernetes.io/cluster/terraform-eks-demo",
                            "tag.3381877819.propagate_at_launch": "true",
                            "tag.3381877819.value": "owned",
                            "tag.4079220990.key": "Name",
                            "tag.4079220990.propagate_at_launch": "true",
                            "tag.4079220990.value": "terraform-eks-demo",
                            "target_group_arns.#": "0",
                            "termination_policies.#": "0",
                            "vpc_zone_identifier.#": "2",
                            "vpc_zone_identifier.1137160740": "subnet-01f1d78fbf28db065",
                            "vpc_zone_identifier.1458077336": "subnet-06a468aa29a6563e9",
                            "wait_for_capacity_timeout": "10m"
                        },
                        "meta": {
                            "e2bfb730-ecaa-11e6-8f88-34363bc7c4c0": {
                                "delete": 600000000000
                            }
                        },
                        "tainted": false
                    },
                    "deposed": [],
                    "provider": "provider.aws"
                },
                "aws_eks_cluster.demo": {
                    "type": "aws_eks_cluster",
                    "depends_on": [
                        "aws_iam_role.demo-cluster",
                        "aws_iam_role_policy_attachment.demo-cluster-AmazonEKSClusterPolicy",
                        "aws_iam_role_policy_attachment.demo-cluster-AmazonEKSServicePolicy",
                        "aws_security_group.demo-cluster",
                        "aws_subnet.demo.*"
                    ],
                    "primary": {
                        "id": "terraform-eks-demo",
                        "attributes": {
                            "arn": "arn:aws:eks:us-east-1:174782302745:cluster/terraform-eks-demo",
                            "certificate_authority.#": "1",
                            "certificate_authority.0.data": "LS0tLS1CRUdJTiBDRVJUSUZJQ0FURS0tLS0tCk1JSUN5RENDQWJDZ0F3SUJBZ0lCQURBTkJna3Foa2lHOXcwQkFRc0ZBREFWTVJNd0VRWURWUVFERXdwcmRXSmwKY201bGRHVnpNQjRYRFRFNE1USXlOREV5TXpRd00xb1hEVEk0TVRJeU1URXlNelF3TTFvd0ZURVRNQkVHQTFVRQpBeE1LYTNWaVpYSnVaWFJsY3pDQ0FTSXdEUVlKS29aSWh2Y05BUUVCQlFBRGdnRVBBRENDQVFvQ2dnRUJBSnZ1CjNwVEdUemVpbzBaZ0dLL2VERDd4c0o4NGRrQVQ5QUNocXZJaGdJNGJJS09SUkErK3JyVTEvamNLQkt5MnBOdmoKZ0h2bHNLVVlWL1paaXcrTjJOaTNqYTNRQURseDhGeCtzS3V3NXFaeDFVTlcydjJGVTliR3FLZ29XcjBnV3ZoSgpMQ01JU214ZHZQK2hWY3JscnNsb2gxTGd1QjBXQnNOZU1KMS9XTUtqQUt5K3NBbk84S3doYm1IVVlyajNsbTQ5CmhyYklpU21oOE12WDY5aXo1SDlOLzkyL052bWFZdDFyYkxYaFloZ3o0dmYrbmhMN2NlV0t3Z1hBRS9YUU5Db3QKRlpQNFp2d1ZrUWJ1NGoxeDFEcG9SNy8rTGc2TE1LeXlYZW5nMmxrQ2pxZEQveTVGYk1HK1RnZjQzUjFyUFRISApNbng3UDB5eXcxSElWZUJoWWhFQ0F3RUFBYU1qTUNFd0RnWURWUjBQQVFIL0JBUURBZ0trTUE4R0ExVWRFd0VCCi93UUZNQU1CQWY4d0RRWUpLb1pJaHZjTkFRRUxCUUFEZ2dFQkFFWmV6dmRuRUpDS25iRFY2VjNvNG9yK2ljUzQKT0ovWkJ3SDRrempZcUhVSUY1MGJTL2xITWJQU3ZqV29OaEswSXA3STMvK3I2VjgrbGliWTRYTmgyYUNQK3hHTQo4OTJLRmx0SkErNXpaV1Z3RkhaczdON0FDQ205TlVpZ1BUM1hXNHMyTElBamlxaVB5dk5LdzZQcEZuWituVHlSClNOWUZhQ0FTZXdiVlNrN0U5d3hvRmI1SWdaRExQVTZFRXFSWDBuZ2pURlNJVGQwTFlhQXIwYnR2dy9RSU5vbEsKM0VrZUs1b20zVEZDL1VuNlJoMGs0Z2pZTnpaL3FJOWkwdVd4Q2FIVXFEbnFDeHZmZlcyZ2QvR2lJTzZZZ1JReQp3TFV5aE15Umg1dWZZa2hsMytwWWRrVTVzTktpc3cwS2xUWDdZckhIb1pFOTlyTFo4cHhKL3RtWHpOWT0KLS0tLS1FTkQgQ0VSVElGSUNBVEUtLS0tLQo=",
                            "created_at": "2018-12-24 12:27:03 +0000 UTC",
                            "endpoint": "https://9C2C0DF81901E269EE032560B8E1A898.sk1.us-east-1.eks.amazonaws.com",
                            "id": "terraform-eks-demo",
                            "name": "terraform-eks-demo",
                            "platform_version": "eks.1",
                            "role_arn": "arn:aws:iam::174782302745:role/terraform-eks-demo-cluster-new",
                            "version": "1.11",
                            "vpc_config.#": "1",
                            "vpc_config.0.security_group_ids.#": "1",
                            "vpc_config.0.security_group_ids.3525706401": "sg-0e8fd89c99106f8ca",
                            "vpc_config.0.subnet_ids.#": "2",
                            "vpc_config.0.subnet_ids.1598629322": "subnet-01f1d78fbf28db065",
                            "vpc_config.0.subnet_ids.2643195297": "subnet-06a468aa29a6563e9",
                            "vpc_config.0.vpc_id": "vpc-0f82d2d994177e1e9"
                        },
                        "meta": {
                            "e2bfb730-ecaa-11e6-8f88-34363bc7c4c0": {
                                "create": 900000000000,
                                "delete": 900000000000,
                                "update": 3600000000000
                            }
                        },
                        "tainted": false
                    },
                    "deposed": [],
                    "provider": "provider.aws"
                },
                "aws_iam_instance_profile.demo-node": {
                    "type": "aws_iam_instance_profile",
                    "depends_on": [
                        "aws_iam_role.demo-node"
                    ],
                    "primary": {
                        "id": "terraform-eks-demo-new",
                        "attributes": {
                            "arn": "arn:aws:iam::174782302745:instance-profile/terraform-eks-demo-new",
                            "create_date": "2018-12-24T12:26:54Z",
                            "id": "terraform-eks-demo-new",
                            "name": "terraform-eks-demo-new",
                            "path": "/",
                            "role": "terraform-eks-demo-node-new",
                            "roles.#": "0",
                            "unique_id": "AIPAJ5NUV22KWIIEHTGQS"
                        },
                        "meta": {},
                        "tainted": false
                    },
                    "deposed": [],
                    "provider": "provider.aws"
                },
                "aws_iam_role.demo-cluster": {
                    "type": "aws_iam_role",
                    "depends_on": [],
                    "primary": {
                        "id": "terraform-eks-demo-cluster-new",
                        "attributes": {
                            "arn": "arn:aws:iam::174782302745:role/terraform-eks-demo-cluster-new",
                            "assume_role_policy": "{\"Version\":\"2012-10-17\",\"Statement\":[{\"Effect\":\"Allow\",\"Principal\":{\"Service\":\"eks.amazonaws.com\"},\"Action\":\"sts:AssumeRole\"}]}",
                            "create_date": "2018-12-24T12:26:54Z",
                            "description": "",
                            "force_detach_policies": "false",
                            "id": "terraform-eks-demo-cluster-new",
                            "max_session_duration": "3600",
                            "name": "terraform-eks-demo-cluster-new",
                            "path": "/",
                            "tags.%": "0",
                            "unique_id": "AROAIBI2LJK37BBKCZOBE"
                        },
                        "meta": {},
                        "tainted": false
                    },
                    "deposed": [],
                    "provider": "provider.aws"
                },
                "aws_iam_role.demo-node": {
                    "type": "aws_iam_role",
                    "depends_on": [],
                    "primary": {
                        "id": "terraform-eks-demo-node-new",
                        "attributes": {
                            "arn": "arn:aws:iam::174782302745:role/terraform-eks-demo-node-new",
                            "assume_role_policy": "{\"Version\":\"2012-10-17\",\"Statement\":[{\"Effect\":\"Allow\",\"Principal\":{\"Service\":\"ec2.amazonaws.com\"},\"Action\":\"sts:AssumeRole\"}]}",
                            "create_date": "2018-12-24T12:26:54Z",
                            "description": "",
                            "force_detach_policies": "false",
                            "id": "terraform-eks-demo-node-new",
                            "max_session_duration": "3600",
                            "name": "terraform-eks-demo-node-new",
                            "path": "/",
                            "tags.%": "0",
                            "unique_id": "AROAJW3ILNZOUSTF74STE"
                        },
                        "meta": {},
                        "tainted": false
                    },
                    "deposed": [],
                    "provider": "provider.aws"
                },
                "aws_iam_role_policy_attachment.demo-cluster-AmazonEKSClusterPolicy": {
                    "type": "aws_iam_role_policy_attachment",
                    "depends_on": [
                        "aws_iam_role.demo-cluster"
                    ],
                    "primary": {
                        "id": "terraform-eks-demo-cluster-new-20181224122654822100000001",
                        "attributes": {
                            "id": "terraform-eks-demo-cluster-new-20181224122654822100000001",
                            "policy_arn": "arn:aws:iam::aws:policy/AmazonEKSClusterPolicy",
                            "role": "terraform-eks-demo-cluster-new"
                        },
                        "meta": {},
                        "tainted": false
                    },
                    "deposed": [],
                    "provider": "provider.aws"
                },
                "aws_iam_role_policy_attachment.demo-cluster-AmazonEKSServicePolicy": {
                    "type": "aws_iam_role_policy_attachment",
                    "depends_on": [
                        "aws_iam_role.demo-cluster"
                    ],
                    "primary": {
                        "id": "terraform-eks-demo-cluster-new-20181224122654823800000002",
                        "attributes": {
                            "id": "terraform-eks-demo-cluster-new-20181224122654823800000002",
                            "policy_arn": "arn:aws:iam::aws:policy/AmazonEKSServicePolicy",
                            "role": "terraform-eks-demo-cluster-new"
                        },
                        "meta": {},
                        "tainted": false
                    },
                    "deposed": [],
                    "provider": "provider.aws"
                },
                "aws_iam_role_policy_attachment.demo-node-AmazonEC2ContainerRegistryReadOnly": {
                    "type": "aws_iam_role_policy_attachment",
                    "depends_on": [
                        "aws_iam_role.demo-node"
                    ],
                    "primary": {
                        "id": "terraform-eks-demo-node-new-20181224122654838700000004",
                        "attributes": {
                            "id": "terraform-eks-demo-node-new-20181224122654838700000004",
                            "policy_arn": "arn:aws:iam::aws:policy/AmazonEC2ContainerRegistryReadOnly",
                            "role": "terraform-eks-demo-node-new"
                        },
                        "meta": {},
                        "tainted": false
                    },
                    "deposed": [],
                    "provider": "provider.aws"
                },
                "aws_iam_role_policy_attachment.demo-node-AmazonEKSWorkerNodePolicy": {
                    "type": "aws_iam_role_policy_attachment",
                    "depends_on": [
                        "aws_iam_role.demo-node"
                    ],
                    "primary": {
                        "id": "terraform-eks-demo-node-new-20181224122654833200000003",
                        "attributes": {
                            "id": "terraform-eks-demo-node-new-20181224122654833200000003",
                            "policy_arn": "arn:aws:iam::aws:policy/AmazonEKSWorkerNodePolicy",
                            "role": "terraform-eks-demo-node-new"
                        },
                        "meta": {},
                        "tainted": false
                    },
                    "deposed": [],
                    "provider": "provider.aws"
                },
                "aws_iam_role_policy_attachment.demo-node-AmazonEKS_CNI_Policy": {
                    "type": "aws_iam_role_policy_attachment",
                    "depends_on": [
                        "aws_iam_role.demo-node"
                    ],
                    "primary": {
                        "id": "terraform-eks-demo-node-new-20181224122654845200000005",
                        "attributes": {
                            "id": "terraform-eks-demo-node-new-20181224122654845200000005",
                            "policy_arn": "arn:aws:iam::aws:policy/AmazonEKS_CNI_Policy",
                            "role": "terraform-eks-demo-node-new"
                        },
                        "meta": {},
                        "tainted": false
                    },
                    "deposed": [],
                    "provider": "provider.aws"
                },
                "aws_internet_gateway.demo": {
                    "type": "aws_internet_gateway",
                    "depends_on": [
                        "aws_vpc.demo"
                    ],
                    "primary": {
                        "id": "igw-09acdbb96a07a250d",
                        "attributes": {
                            "id": "igw-09acdbb96a07a250d",
                            "owner_id": "174782302745",
                            "tags.%": "1",
                            "tags.Name": "terraform-eks-demo",
                            "vpc_id": "vpc-0f82d2d994177e1e9"
                        },
                        "meta": {},
                        "tainted": false
                    },
                    "deposed": [],
                    "provider": "provider.aws"
                },
                "aws_launch_configuration.demo": {
                    "type": "aws_launch_configuration",
                    "depends_on": [
                        "aws_iam_instance_profile.demo-node",
                        "aws_security_group.demo-node",
                        "data.aws_ami.eks-worker",
                        "local.demo-node-userdata"
                    ],
                    "primary": {
                        "id": "terraform-eks-demo20181224123617460800000006",
                        "attributes": {
                            "associate_public_ip_address": "true",
                            "ebs_block_device.#": "0",
                            "ebs_optimized": "false",
                            "enable_monitoring": "true",
                            "ephemeral_block_device.#": "0",
                            "iam_instance_profile": "terraform-eks-demo-new",
                            "id": "terraform-eks-demo20181224123617460800000006",
                            "image_id": "ami-0f822562a8fa152fc",
                            "instance_type": "t2.large",
                            "key_name": "",
                            "name": "terraform-eks-demo20181224123617460800000006",
                            "name_prefix": "terraform-eks-demo",
                            "root_block_device.#": "0",
                            "security_groups.#": "1",
                            "security_groups.21665919": "sg-0c3ea20d29144f368",
                            "spot_price": "",
                            "user_data_base64": "IyEvYmluL2Jhc2gKc2V0IC1vIHh0cmFjZQovZXRjL2Vrcy9ib290c3RyYXAuc2ggLS1hcGlzZXJ2ZXItZW5kcG9pbnQgJ2h0dHBzOi8vOUMyQzBERjgxOTAxRTI2OUVFMDMyNTYwQjhFMUE4OTguc2sxLnVzLWVhc3QtMS5la3MuYW1hem9uYXdzLmNvbScgLS1iNjQtY2x1c3Rlci1jYSAnTFMwdExTMUNSVWRKVGlCRFJWSlVTVVpKUTBGVVJTMHRMUzB0Q2sxSlNVTjVSRU5EUVdKRFowRjNTVUpCWjBsQ1FVUkJUa0puYTNGb2EybEhPWGN3UWtGUmMwWkJSRUZXVFZKTmQwVlJXVVJXVVZGRVJYZHdjbVJYU213S1kyMDFiR1JIVm5wTlFqUllSRlJGTkUxVVNYbE9SRVY1VFhwUmQwMHhiMWhFVkVrMFRWUkplVTFVUlhsTmVsRjNUVEZ2ZDBaVVJWUk5Ra1ZIUVRGVlJRcEJlRTFMWVROV2FWcFlTblZhV0ZKc1kzcERRMEZUU1hkRVVWbEtTMjlhU1doMlkwNUJVVVZDUWxGQlJHZG5SVkJCUkVORFFWRnZRMmRuUlVKQlNuWjFDak53VkVkVWVtVnBiekJhWjBkTEwyVkVSRGQ0YzBvNE5HUnJRVlE1UVVOb2NYWkphR2RKTkdKSlMwOVNVa0VySzNKeVZURXZhbU5MUWt0NU1uQk9kbW9LWjBoMmJITkxWVmxXTDFwYWFYY3JUakpPYVROcVlUTlJRVVJzZURoR2VDdHpTM1YzTlhGYWVERlZUbGN5ZGpKR1ZUbGlSM0ZMWjI5WGNqQm5WM1pvU2dwTVEwMUpVMjE0WkhaUUsyaFdZM0pzY25Oc2IyZ3hUR2QxUWpCWFFuTk9aVTFLTVM5WFRVdHFRVXQ1SzNOQmJrODRTM2RvWW0xSVZWbHlhak5zYlRRNUNtaHlZa2xwVTIxb09FMTJXRFk1YVhvMVNEbE9Memt5TDA1MmJXRlpkREZ5WWt4WWFGbG9aM28wZG1ZcmJtaE1OMk5sVjB0M1oxaEJSUzlZVVU1RGIzUUtSbHBRTkZwMmQxWnJVV0oxTkdveGVERkVjRzlTTnk4clRHYzJURTFMZVhsWVpXNW5NbXhyUTJweFpFUXZlVFZHWWsxSEsxUm5aalF6VWpGeVVGUklTQXBOYm5nM1VEQjVlWGN4U0VsV1pVSm9XV2hGUTBGM1JVRkJZVTFxVFVORmQwUm5XVVJXVWpCUVFWRklMMEpCVVVSQlowdHJUVUU0UjBFeFZXUkZkMFZDQ2k5M1VVWk5RVTFDUVdZNGQwUlJXVXBMYjFwSmFIWmpUa0ZSUlV4Q1VVRkVaMmRGUWtGRldtVjZkbVJ1UlVwRFMyNWlSRlkyVmpOdk5HOXlLMmxqVXpRS1Qwb3ZXa0ozU0RScmVtcFpjVWhWU1VZMU1HSlRMMnhJVFdKUVUzWnFWMjlPYUVzd1NYQTNTVE12SzNJMlZqZ3JiR2xpV1RSWVRtZ3lZVU5RSzNoSFRRbzRPVEpMUm14MFNrRXJOWHBhVjFaM1JraGFjemRPTjBGRFEyMDVUbFZwWjFCVU0xaFhOSE15VEVsQmFtbHhhVkI1ZGs1TGR6WlFjRVp1V2l0dVZIbFNDbE5PV1VaaFEwRlRaWGRpVmxOck4wVTVkM2h2Um1JMVNXZGFSRXhRVlRaRlJYRlNXREJ1WjJwVVJsTkpWR1F3VEZsaFFYSXdZblIyZHk5UlNVNXZiRXNLTTBWclpVczFiMjB6VkVaREwxVnVObEpvTUdzMFoycFpUbnBhTDNGSk9Xa3dkVmQ0UTJGSVZYRkVibkZEZUhabVpsY3laMlF2UjJsSlR6WlpaMUpSZVFwM1RGVjVhRTE1VW1nMWRXWlphMmhzTXl0d1dXUnJWVFZ6VGt0cGMzY3dTMnhVV0RkWmNraEliMXBGT1RseVRGbzRjSGhLTDNSdFdIcE9XVDBLTFMwdExTMUZUa1FnUTBWU1ZFbEdTVU5CVkVVdExTMHRMUW89JyAndGVycmFmb3JtLWVrcy1kZW1vJwo=",
                            "vpc_classic_link_id": "",
                            "vpc_classic_link_security_groups.#": "0"
                        },
                        "meta": {},
                        "tainted": false
                    },
                    "deposed": [],
                    "provider": "provider.aws"
                },
                "aws_route_table.demo": {
                    "type": "aws_route_table",
                    "depends_on": [
                        "aws_internet_gateway.demo",
                        "aws_vpc.demo"
                    ],
                    "primary": {
                        "id": "rtb-0ed085ecf9b619441",
                        "attributes": {
                            "id": "rtb-0ed085ecf9b619441",
                            "owner_id": "174782302745",
                            "propagating_vgws.#": "0",
                            "route.#": "1",
                            "route.2214136880.cidr_block": "0.0.0.0/0",
                            "route.2214136880.egress_only_gateway_id": "",
                            "route.2214136880.gateway_id": "igw-09acdbb96a07a250d",
                            "route.2214136880.instance_id": "",
                            "route.2214136880.ipv6_cidr_block": "",
                            "route.2214136880.nat_gateway_id": "",
                            "route.2214136880.network_interface_id": "",
                            "route.2214136880.transit_gateway_id": "",
                            "route.2214136880.vpc_peering_connection_id": "",
                            "tags.%": "0",
                            "vpc_id": "vpc-0f82d2d994177e1e9"
                        },
                        "meta": {},
                        "tainted": false
                    },
                    "deposed": [],
                    "provider": "provider.aws"
                },
                "aws_route_table_association.demo.0": {
                    "type": "aws_route_table_association",
                    "depends_on": [
                        "aws_route_table.demo",
                        "aws_subnet.demo.*"
                    ],
                    "primary": {
                        "id": "rtbassoc-0315be0241f45f472",
                        "attributes": {
                            "id": "rtbassoc-0315be0241f45f472",
                            "route_table_id": "rtb-0ed085ecf9b619441",
                            "subnet_id": "subnet-01f1d78fbf28db065"
                        },
                        "meta": {},
                        "tainted": false
                    },
                    "deposed": [],
                    "provider": "provider.aws"
                },
                "aws_route_table_association.demo.1": {
                    "type": "aws_route_table_association",
                    "depends_on": [
                        "aws_route_table.demo",
                        "aws_subnet.demo.*"
                    ],
                    "primary": {
                        "id": "rtbassoc-09b075244003a944a",
                        "attributes": {
                            "id": "rtbassoc-09b075244003a944a",
                            "route_table_id": "rtb-0ed085ecf9b619441",
                            "subnet_id": "subnet-06a468aa29a6563e9"
                        },
                        "meta": {},
                        "tainted": false
                    },
                    "deposed": [],
                    "provider": "provider.aws"
                },
                "aws_security_group.demo-cluster": {
                    "type": "aws_security_group",
                    "depends_on": [
                        "aws_vpc.demo"
                    ],
                    "primary": {
                        "id": "sg-0e8fd89c99106f8ca",
                        "attributes": {
                            "arn": "arn:aws:ec2:us-east-1:174782302745:security-group/sg-0e8fd89c99106f8ca",
                            "description": "Cluster communication with worker nodes",
                            "egress.#": "1",
                            "egress.482069346.cidr_blocks.#": "1",
                            "egress.482069346.cidr_blocks.0": "0.0.0.0/0",
                            "egress.482069346.description": "",
                            "egress.482069346.from_port": "0",
                            "egress.482069346.ipv6_cidr_blocks.#": "0",
                            "egress.482069346.prefix_list_ids.#": "0",
                            "egress.482069346.protocol": "-1",
                            "egress.482069346.security_groups.#": "0",
                            "egress.482069346.self": "false",
                            "egress.482069346.to_port": "0",
                            "id": "sg-0e8fd89c99106f8ca",
                            "ingress.#": "0",
                            "name": "terraform-eks-demo-cluster",
                            "owner_id": "174782302745",
                            "revoke_rules_on_delete": "false",
                            "tags.%": "1",
                            "tags.Name": "terraform-eks-demo",
                            "vpc_id": "vpc-0f82d2d994177e1e9"
                        },
                        "meta": {
                            "e2bfb730-ecaa-11e6-8f88-34363bc7c4c0": {
                                "create": 600000000000,
                                "delete": 600000000000
                            },
                            "schema_version": "1"
                        },
                        "tainted": false
                    },
                    "deposed": [],
                    "provider": "provider.aws"
                },
                "aws_security_group.demo-node": {
                    "type": "aws_security_group",
                    "depends_on": [
                        "aws_vpc.demo"
                    ],
                    "primary": {
                        "id": "sg-0c3ea20d29144f368",
                        "attributes": {
                            "arn": "arn:aws:ec2:us-east-1:174782302745:security-group/sg-0c3ea20d29144f368",
                            "description": "Security group for all nodes in the cluster",
                            "egress.#": "1",
                            "egress.482069346.cidr_blocks.#": "1",
                            "egress.482069346.cidr_blocks.0": "0.0.0.0/0",
                            "egress.482069346.description": "",
                            "egress.482069346.from_port": "0",
                            "egress.482069346.ipv6_cidr_blocks.#": "0",
                            "egress.482069346.prefix_list_ids.#": "0",
                            "egress.482069346.protocol": "-1",
                            "egress.482069346.security_groups.#": "0",
                            "egress.482069346.self": "false",
                            "egress.482069346.to_port": "0",
                            "id": "sg-0c3ea20d29144f368",
                            "ingress.#": "0",
                            "name": "terraform-eks-demo-node-new",
                            "owner_id": "174782302745",
                            "revoke_rules_on_delete": "false",
                            "tags.%": "2",
                            "tags.Name": "terraform-eks-demo-node-new",
                            "tags.kubernetes.io/cluster/terraform-eks-demo": "owned",
                            "vpc_id": "vpc-0f82d2d994177e1e9"
                        },
                        "meta": {
                            "e2bfb730-ecaa-11e6-8f88-34363bc7c4c0": {
                                "create": 600000000000,
                                "delete": 600000000000
                            },
                            "schema_version": "1"
                        },
                        "tainted": false
                    },
                    "deposed": [],
                    "provider": "provider.aws"
                },
                "aws_security_group_rule.demo-cluster-ingress-node-https": {
                    "type": "aws_security_group_rule",
                    "depends_on": [
                        "aws_security_group.demo-cluster",
                        "aws_security_group.demo-node"
                    ],
                    "primary": {
                        "id": "sgrule-809151047",
                        "attributes": {
                            "description": "Allow pods to communicate with the cluster API Server",
                            "from_port": "443",
                            "id": "sgrule-809151047",
                            "protocol": "tcp",
                            "security_group_id": "sg-0e8fd89c99106f8ca",
                            "self": "false",
                            "source_security_group_id": "sg-0c3ea20d29144f368",
                            "to_port": "443",
                            "type": "ingress"
                        },
                        "meta": {
                            "schema_version": "2"
                        },
                        "tainted": false
                    },
                    "deposed": [],
                    "provider": "provider.aws"
                },
                "aws_security_group_rule.demo-cluster-ingress-workstation-https": {
                    "type": "aws_security_group_rule",
                    "depends_on": [
                        "aws_security_group.demo-cluster",
                        "local.workstation-external-cidr"
                    ],
                    "primary": {
                        "id": "sgrule-1513233966",
                        "attributes": {
                            "cidr_blocks.#": "1",
                            "cidr_blocks.0": "52.90.10.247/32",
                            "description": "Allow workstation to communicate with the cluster API Server",
                            "from_port": "443",
                            "id": "sgrule-1513233966",
                            "protocol": "tcp",
                            "security_group_id": "sg-0e8fd89c99106f8ca",
                            "self": "false",
                            "to_port": "443",
                            "type": "ingress"
                        },
                        "meta": {
                            "schema_version": "2"
                        },
                        "tainted": false
                    },
                    "deposed": [],
                    "provider": "provider.aws"
                },
                "aws_security_group_rule.demo-node-ingress-cluster": {
                    "type": "aws_security_group_rule",
                    "depends_on": [
                        "aws_security_group.demo-cluster",
                        "aws_security_group.demo-node"
                    ],
                    "primary": {
                        "id": "sgrule-2394584633",
                        "attributes": {
                            "description": "Allow worker Kubelets and pods to receive communication from the cluster control plane",
                            "from_port": "1025",
                            "id": "sgrule-2394584633",
                            "protocol": "tcp",
                            "security_group_id": "sg-0c3ea20d29144f368",
                            "self": "false",
                            "source_security_group_id": "sg-0e8fd89c99106f8ca",
                            "to_port": "65535",
                            "type": "ingress"
                        },
                        "meta": {
                            "schema_version": "2"
                        },
                        "tainted": false
                    },
                    "deposed": [],
                    "provider": "provider.aws"
                },
                "aws_security_group_rule.demo-node-ingress-self": {
                    "type": "aws_security_group_rule",
                    "depends_on": [
                        "aws_security_group.demo-node"
                    ],
                    "primary": {
                        "id": "sgrule-1346515861",
                        "attributes": {
                            "description": "Allow node to communicate with each other",
                            "from_port": "0",
                            "id": "sgrule-1346515861",
                            "protocol": "-1",
                            "security_group_id": "sg-0c3ea20d29144f368",
                            "self": "false",
                            "source_security_group_id": "sg-0c3ea20d29144f368",
                            "to_port": "65535",
                            "type": "ingress"
                        },
                        "meta": {
                            "schema_version": "2"
                        },
                        "tainted": false
                    },
                    "deposed": [],
                    "provider": "provider.aws"
                },
                "aws_subnet.demo.0": {
                    "type": "aws_subnet",
                    "depends_on": [
                        "aws_vpc.demo",
                        "data.aws_availability_zones.available"
                    ],
                    "primary": {
                        "id": "subnet-01f1d78fbf28db065",
                        "attributes": {
                            "arn": "arn:aws:ec2:us-east-1:174782302745:subnet/subnet-01f1d78fbf28db065",
                            "assign_ipv6_address_on_creation": "false",
                            "availability_zone": "us-east-1a",
                            "availability_zone_id": "use1-az1",
                            "cidr_block": "10.0.0.0/24",
                            "id": "subnet-01f1d78fbf28db065",
                            "ipv6_cidr_block": "",
                            "ipv6_cidr_block_association_id": "",
                            "map_public_ip_on_launch": "false",
                            "owner_id": "174782302745",
                            "tags.%": "2",
                            "tags.Name": "terraform-eks-demo-node",
                            "tags.kubernetes.io/cluster/terraform-eks-demo": "shared",
                            "vpc_id": "vpc-0f82d2d994177e1e9"
                        },
                        "meta": {
                            "e2bfb730-ecaa-11e6-8f88-34363bc7c4c0": {
                                "create": 600000000000,
                                "delete": 600000000000
                            },
                            "schema_version": "1"
                        },
                        "tainted": false
                    },
                    "deposed": [],
                    "provider": "provider.aws"
                },
                "aws_subnet.demo.1": {
                    "type": "aws_subnet",
                    "depends_on": [
                        "aws_vpc.demo",
                        "data.aws_availability_zones.available"
                    ],
                    "primary": {
                        "id": "subnet-06a468aa29a6563e9",
                        "attributes": {
                            "arn": "arn:aws:ec2:us-east-1:174782302745:subnet/subnet-06a468aa29a6563e9",
                            "assign_ipv6_address_on_creation": "false",
                            "availability_zone": "us-east-1b",
                            "availability_zone_id": "use1-az2",
                            "cidr_block": "10.0.1.0/24",
                            "id": "subnet-06a468aa29a6563e9",
                            "ipv6_cidr_block": "",
                            "ipv6_cidr_block_association_id": "",
                            "map_public_ip_on_launch": "false",
                            "owner_id": "174782302745",
                            "tags.%": "2",
                            "tags.Name": "terraform-eks-demo-node",
                            "tags.kubernetes.io/cluster/terraform-eks-demo": "shared",
                            "vpc_id": "vpc-0f82d2d994177e1e9"
                        },
                        "meta": {
                            "e2bfb730-ecaa-11e6-8f88-34363bc7c4c0": {
                                "create": 600000000000,
                                "delete": 600000000000
                            },
                            "schema_version": "1"
                        },
                        "tainted": false
                    },
                    "deposed": [],
                    "provider": "provider.aws"
                },
                "aws_vpc.demo": {
                    "type": "aws_vpc",
                    "depends_on": [],
                    "primary": {
                        "id": "vpc-0f82d2d994177e1e9",
                        "attributes": {
                            "arn": "arn:aws:ec2:us-east-1:174782302745:vpc/vpc-0f82d2d994177e1e9",
                            "assign_generated_ipv6_cidr_block": "false",
                            "cidr_block": "10.0.0.0/16",
                            "default_network_acl_id": "acl-0709c3bc4de69da7a",
                            "default_route_table_id": "rtb-08ed47075d9666dbf",
                            "default_security_group_id": "sg-0e0b83de50bb82f87",
                            "dhcp_options_id": "dopt-d8cda6bd",
                            "enable_classiclink": "false",
                            "enable_classiclink_dns_support": "false",
                            "enable_dns_hostnames": "false",
                            "enable_dns_support": "true",
                            "id": "vpc-0f82d2d994177e1e9",
                            "instance_tenancy": "default",
                            "ipv6_association_id": "",
                            "ipv6_cidr_block": "",
                            "main_route_table_id": "rtb-08ed47075d9666dbf",
                            "owner_id": "174782302745",
                            "tags.%": "2",
                            "tags.Name": "terraform-eks-demo-node",
                            "tags.kubernetes.io/cluster/terraform-eks-demo": "shared"
                        },
                        "meta": {
                            "schema_version": "1"
                        },
                        "tainted": false
                    },
                    "deposed": [],
                    "provider": "provider.aws"
                },
                "data.aws_ami.eks-worker": {
                    "type": "aws_ami",
                    "depends_on": [],
                    "primary": {
                        "id": "ami-0f822562a8fa152fc",
                        "attributes": {
                            "architecture": "x86_64",
                            "block_device_mappings.#": "2",
                            "block_device_mappings.2670326486.device_name": "/dev/sda1",
                            "block_device_mappings.2670326486.ebs.%": "6",
                            "block_device_mappings.2670326486.ebs.delete_on_termination": "true",
                            "block_device_mappings.2670326486.ebs.encrypted": "true",
                            "block_device_mappings.2670326486.ebs.iops": "0",
                            "block_device_mappings.2670326486.ebs.snapshot_id": "snap-0f000796ec4fda77f",
                            "block_device_mappings.2670326486.ebs.volume_size": "8",
                            "block_device_mappings.2670326486.ebs.volume_type": "gp2",
                            "block_device_mappings.2670326486.no_device": "",
                            "block_device_mappings.2670326486.virtual_name": "",
                            "block_device_mappings.3709317640.device_name": "/dev/xvda",
                            "block_device_mappings.3709317640.ebs.%": "6",
                            "block_device_mappings.3709317640.ebs.delete_on_termination": "true",
                            "block_device_mappings.3709317640.ebs.encrypted": "true",
                            "block_device_mappings.3709317640.ebs.iops": "0",
                            "block_device_mappings.3709317640.ebs.snapshot_id": "snap-09d924ee985dd8c27",
                            "block_device_mappings.3709317640.ebs.volume_size": "20",
                            "block_device_mappings.3709317640.ebs.volume_type": "gp2",
                            "block_device_mappings.3709317640.no_device": "",
                            "block_device_mappings.3709317640.virtual_name": "",
                            "creation_date": "2018-12-21T13:56:42.000Z",
                            "description": "EKS Kubernetes Worker AMI with AmazonLinux2 image",
                            "filter.#": "1",
                            "filter.1438979410.name": "image-id",
                            "filter.1438979410.values.#": "1",
                            "filter.1438979410.values.0": "ami-0f822562a8fa152fc",
                            "hypervisor": "xen",
                            "id": "ami-0f822562a8fa152fc",
                            "image_id": "ami-0f822562a8fa152fc",
                            "image_location": "174782302745/amazon-eks-node-1545400002",
                            "image_type": "machine",
                            "most_recent": "true",
                            "name": "amazon-eks-node-1545400002",
                            "owner_id": "174782302745",
                            "owners.#": "1",
                            "owners.0": "174782302745",
                            "product_codes.#": "1",
                            "product_codes.2745805662.product_code_id": "2l0khimiqztu90zd64xu99tz5",
                            "product_codes.2745805662.product_code_type": "marketplace",
                            "public": "false",
                            "root_device_name": "/dev/sda1",
                            "root_device_type": "ebs",
                            "root_snapshot_id": "snap-0f000796ec4fda77f",
                            "sriov_net_support": "simple",
                            "state": "available",
                            "state_reason.%": "2",
                            "state_reason.code": "UNSET",
                            "state_reason.message": "UNSET",
                            "tags.%": "1",
                            "tags.created": "1545400002",
                            "virtualization_type": "hvm"
                        },
                        "meta": {},
                        "tainted": false
                    },
                    "deposed": [],
                    "provider": "provider.aws"
                },
                "data.aws_availability_zones.available": {
                    "type": "aws_availability_zones",
                    "depends_on": [],
                    "primary": {
                        "id": "2018-12-24 12:26:51.856362552 +0000 UTC",
                        "attributes": {
                            "id": "2018-12-24 12:26:51.856362552 +0000 UTC",
                            "names.#": "6",
                            "names.0": "us-east-1a",
                            "names.1": "us-east-1b",
                            "names.2": "us-east-1c",
                            "names.3": "us-east-1d",
                            "names.4": "us-east-1e",
                            "names.5": "us-east-1f",
                            "zone_ids.#": "6",
                            "zone_ids.0": "use1-az1",
                            "zone_ids.1": "use1-az2",
                            "zone_ids.2": "use1-az4",
                            "zone_ids.3": "use1-az6",
                            "zone_ids.4": "use1-az3",
                            "zone_ids.5": "use1-az5"
                        },
                        "meta": {},
                        "tainted": false
                    },
                    "deposed": [],
                    "provider": "provider.aws"
                },
                "data.aws_region.current": {
                    "type": "aws_region",
                    "depends_on": [],
                    "primary": {
                        "id": "us-east-1",
                        "attributes": {
                            "current": "true",
                            "description": "US East (N. Virginia)",
                            "endpoint": "ec2.us-east-1.amazonaws.com",
                            "id": "us-east-1",
                            "name": "us-east-1"
                        },
                        "meta": {},
                        "tainted": false
                    },
                    "deposed": [],
                    "provider": "provider.aws"
                },
                "data.http.workstation-external-ip": {
                    "type": "http",
                    "depends_on": [],
                    "primary": {
                        "id": "2018-12-24 12:26:51.687795043 +0000 UTC",
                        "attributes": {
                            "body": "52.90.10.247\n",
                            "id": "2018-12-24 12:26:51.687795043 +0000 UTC",
                            "url": "http://ipv4.icanhazip.com"
                        },
                        "meta": {},
                        "tainted": false
                    },
                    "deposed": [],
                    "provider": "provider.http"
                }
            },
            "depends_on": []
        }
    ]
}
